
Microsoft Visual Studio Solution File, Format Version 12.00
# Visual Studio Version 16
VisualStudioVersion = 16.0.32002.261
MinimumVisualStudioVersion = 10.0.40219.1
Project("{FAE04EC0-301F-11D3-BF4B-00C04F79EFBC}") = "NtfsAlternateDataStreams", "NtfsAlternateDataStreams\NtfsAlternateDataStreams.csproj", "{33216BEC-A2D5-42D1-A192-1A1CB3DF3C8F}"
EndProject
Global
	GlobalSection(SolutionConfigurationPlatforms) = preSolution
		Debug|Any CPU = Debug|Any CPU
		Release|Any CPU = Release|Any CPU
	EndGlobalSection
	GlobalSection(ProjectConfigurationPlatforms) = postSolution
		{33216BEC-A2D5-42D1-A192-1A1CB3DF3C8F}.Debug|Any CPU.ActiveCfg = Debug|Any CPU
		{33216BEC-A2D5-42D1-A192-1A1CB3DF3C8F}.Debug|Any CPU.Build.0 = Debug|Any CPU
		{33216BEC-A2D5-42D1-A192-1A1CB3DF3C8F}.Release|Any CPU.ActiveCfg = Release|Any CPU
		{33216BEC-A2D5-42D1-A192-1A1CB3DF3C8F}.Release|Any CPU.Build.0 = Release|Any CPU
	EndGlobalSection
	GlobalSection(SolutionProperties) = preSolution
		HideSolutionNode = FALSE
	EndGlobalSection
	GlobalSection(ExtensibilityGlobals) = postSolution
		SolutionGuid = {E7A47635-6800-4A66-8B9A-8AA70EC05149}
	EndGlobalSection
EndGlobal
